
Microsoft Visual Studio Solution File, Format Version 12.00
# Visual Studio Version 16
VisualStudioVersion = 16.0.29519.87
MinimumVisualStudioVersion = 10.0.40219.1
Project("{9A19103F-16F7-4668-BE54-9A1E7A4F7556}") = "Objects", "Objects\Objects.csproj", "{7716AC52-866E-4006-881E-F613E28E5ABE}"
EndProject
Project("{9A19103F-16F7-4668-BE54-9A1E7A4F7556}") = "Tool2", "Tool2\Tool2.csproj", "{1191EE3B-8B1A-4B93-947F-0919F906974A}"
EndProject
Project("{9A19103F-16F7-4668-BE54-9A1E7A4F7556}") = "Tool3", "Tool3\Tool3.csproj", "{CF817F86-B4A2-4A80-B8F6-5A363AB339F9}"
EndProject
Project("{9A19103F-16F7-4668-BE54-9A1E7A4F7556}") = "WrDataProgram", "WrDataProgram\WrDataProgram.csproj", "{B3D0B583-AFDE-44BB-8F2F-1160420200A4}"
EndProject
Project("{9A19103F-16F7-4668-BE54-9A1E7A4F7556}") = "Tool1", "Tool1\Tool1.csproj", "{BB3B0564-FCE3-441A-8CB9-440144CEC349}"
EndProject
Global
	GlobalSection(SolutionConfigurationPlatforms) = preSolution
		Debug|Any CPU = Debug|Any CPU
		Release|Any CPU = Release|Any CPU
	EndGlobalSection
	GlobalSection(ProjectConfigurationPlatforms) = postSolution
		{7716AC52-866E-4006-881E-F613E28E5ABE}.Debug|Any CPU.ActiveCfg = Debug|Any CPU
		{7716AC52-866E-4006-881E-F613E28E5ABE}.Debug|Any CPU.Build.0 = Debug|Any CPU
		{7716AC52-866E-4006-881E-F613E28E5ABE}.Release|Any CPU.ActiveCfg = Release|Any CPU
		{7716AC52-866E-4006-881E-F613E28E5ABE}.Release|Any CPU.Build.0 = Release|Any CPU
		{1191EE3B-8B1A-4B93-947F-0919F906974A}.Debug|Any CPU.ActiveCfg = Debug|Any CPU
		{1191EE3B-8B1A-4B93-947F-0919F906974A}.Debug|Any CPU.Build.0 = Debug|Any CPU
		{1191EE3B-8B1A-4B93-947F-0919F906974A}.Release|Any CPU.ActiveCfg = Release|Any CPU
		{1191EE3B-8B1A-4B93-947F-0919F906974A}.Release|Any CPU.Build.0 = Release|Any CPU
		{CF817F86-B4A2-4A80-B8F6-5A363AB339F9}.Debug|Any CPU.ActiveCfg = Debug|Any CPU
		{CF817F86-B4A2-4A80-B8F6-5A363AB339F9}.Debug|Any CPU.Build.0 = Debug|Any CPU
		{CF817F86-B4A2-4A80-B8F6-5A363AB339F9}.Release|Any CPU.ActiveCfg = Release|Any CPU
		{CF817F86-B4A2-4A80-B8F6-5A363AB339F9}.Release|Any CPU.Build.0 = Release|Any CPU
		{B3D0B583-AFDE-44BB-8F2F-1160420200A4}.Debug|Any CPU.ActiveCfg = Debug|Any CPU
		{B3D0B583-AFDE-44BB-8F2F-1160420200A4}.Debug|Any CPU.Build.0 = Debug|Any CPU
		{B3D0B583-AFDE-44BB-8F2F-1160420200A4}.Release|Any CPU.ActiveCfg = Release|Any CPU
		{B3D0B583-AFDE-44BB-8F2F-1160420200A4}.Release|Any CPU.Build.0 = Release|Any CPU
		{BB3B0564-FCE3-441A-8CB9-440144CEC349}.Debug|Any CPU.ActiveCfg = Debug|Any CPU
		{BB3B0564-FCE3-441A-8CB9-440144CEC349}.Debug|Any CPU.Build.0 = Debug|Any CPU
		{BB3B0564-FCE3-441A-8CB9-440144CEC349}.Release|Any CPU.ActiveCfg = Release|Any CPU
		{BB3B0564-FCE3-441A-8CB9-440144CEC349}.Release|Any CPU.Build.0 = Release|Any CPU
	EndGlobalSection
	GlobalSection(SolutionProperties) = preSolution
		HideSolutionNode = FALSE
	EndGlobalSection
	GlobalSection(ExtensibilityGlobals) = postSolution
		SolutionGuid = {737BD1F8-2E8F-47B2-B8D0-ACF8C44CC3D1}
	EndGlobalSection
EndGlobal
