
Microsoft Visual Studio Solution File, Format Version 12.00
# Visual Studio Version 16
VisualStudioVersion = 16.0.29519.87
MinimumVisualStudioVersion = 10.0.40219.1
Project("{FAE04EC0-301F-11D3-BF4B-00C04F79EFBC}") = "Labo Prog", "Labo Prog\Labo Prog.csproj", "{689276E3-9A5C-4C50-942A-676D0D12C501}"
EndProject
Global
	GlobalSection(SolutionConfigurationPlatforms) = preSolution
		Debug|Any CPU = Debug|Any CPU
		Release|Any CPU = Release|Any CPU
	EndGlobalSection
	GlobalSection(ProjectConfigurationPlatforms) = postSolution
		{689276E3-9A5C-4C50-942A-676D0D12C501}.Debug|Any CPU.ActiveCfg = Debug|Any CPU
		{689276E3-9A5C-4C50-942A-676D0D12C501}.Debug|Any CPU.Build.0 = Debug|Any CPU
		{689276E3-9A5C-4C50-942A-676D0D12C501}.Release|Any CPU.ActiveCfg = Release|Any CPU
		{689276E3-9A5C-4C50-942A-676D0D12C501}.Release|Any CPU.Build.0 = Release|Any CPU
	EndGlobalSection
	GlobalSection(SolutionProperties) = preSolution
		HideSolutionNode = FALSE
	EndGlobalSection
	GlobalSection(ExtensibilityGlobals) = postSolution
		SolutionGuid = {737BD1F8-2E8F-47B2-B8D0-ACF8C44CC3D1}
	EndGlobalSection
EndGlobal
